
Microsoft Visual Studio Solution File, Format Version 12.00
# Visual Studio Version 17
VisualStudioVersion = 17.9.34701.34
MinimumVisualStudioVersion = 10.0.40219.1
Project("{9A19103F-16F7-4668-BE54-9A1E7A4F7556}") = "Incipiens.Modulos.Financeiro.Database", "Incipiens.Modulos.Financeiro.Database\Incipiens.Modulos.Financeiro.Database.csproj", "{47F7244F-883C-4E67-8541-912815816D30}"
EndProject
Project("{9A19103F-16F7-4668-BE54-9A1E7A4F7556}") = "Incipiens.Modulos.Financeiro.Wpf", "Incipiens.Modulos.Financeiro.WPF\Incipiens.Modulos.Financeiro.Wpf.csproj", "{034AC877-DBFF-4274-888F-1757B252169B}"
EndProject
Project("{9A19103F-16F7-4668-BE54-9A1E7A4F7556}") = "Incipiens.Modulos.Financeiro.Wpf.App", "Incipiens.Modulos.Financeiro.Wpf.App\Incipiens.Modulos.Financeiro.Wpf.App.csproj", "{4FFB709E-6837-4634-A0D8-F6D5A8299A21}"
EndProject
Project("{FAE04EC0-301F-11D3-BF4B-00C04F79EFBC}") = "Incipiens.Modulos.Financeiro.Object", "Incipiens.Modulos.Financeiro.Object\Incipiens.Modulos.Financeiro.Object.csproj", "{8534A81E-1466-48C3-9E8D-BF640E950E93}"
EndProject
Global
	GlobalSection(SolutionConfigurationPlatforms) = preSolution
		Debug|Any CPU = Debug|Any CPU
		Release|Any CPU = Release|Any CPU
	EndGlobalSection
	GlobalSection(ProjectConfigurationPlatforms) = postSolution
		{47F7244F-883C-4E67-8541-912815816D30}.Debug|Any CPU.ActiveCfg = Debug|Any CPU
		{47F7244F-883C-4E67-8541-912815816D30}.Debug|Any CPU.Build.0 = Debug|Any CPU
		{47F7244F-883C-4E67-8541-912815816D30}.Release|Any CPU.ActiveCfg = Release|Any CPU
		{47F7244F-883C-4E67-8541-912815816D30}.Release|Any CPU.Build.0 = Release|Any CPU
		{034AC877-DBFF-4274-888F-1757B252169B}.Debug|Any CPU.ActiveCfg = Debug|Any CPU
		{034AC877-DBFF-4274-888F-1757B252169B}.Debug|Any CPU.Build.0 = Debug|Any CPU
		{034AC877-DBFF-4274-888F-1757B252169B}.Release|Any CPU.ActiveCfg = Release|Any CPU
		{034AC877-DBFF-4274-888F-1757B252169B}.Release|Any CPU.Build.0 = Release|Any CPU
		{4FFB709E-6837-4634-A0D8-F6D5A8299A21}.Debug|Any CPU.ActiveCfg = Debug|Any CPU
		{4FFB709E-6837-4634-A0D8-F6D5A8299A21}.Debug|Any CPU.Build.0 = Debug|Any CPU
		{4FFB709E-6837-4634-A0D8-F6D5A8299A21}.Release|Any CPU.ActiveCfg = Release|Any CPU
		{4FFB709E-6837-4634-A0D8-F6D5A8299A21}.Release|Any CPU.Build.0 = Release|Any CPU
		{8534A81E-1466-48C3-9E8D-BF640E950E93}.Debug|Any CPU.ActiveCfg = Debug|Any CPU
		{8534A81E-1466-48C3-9E8D-BF640E950E93}.Debug|Any CPU.Build.0 = Debug|Any CPU
		{8534A81E-1466-48C3-9E8D-BF640E950E93}.Release|Any CPU.ActiveCfg = Release|Any CPU
		{8534A81E-1466-48C3-9E8D-BF640E950E93}.Release|Any CPU.Build.0 = Release|Any CPU
	EndGlobalSection
	GlobalSection(SolutionProperties) = preSolution
		HideSolutionNode = FALSE
	EndGlobalSection
	GlobalSection(ExtensibilityGlobals) = postSolution
		SolutionGuid = {50F26B7E-11F0-47CD-B73C-E964EB30DE34}
	EndGlobalSection
EndGlobal
